<?xml version="1.0" encoding="utf-8"?>
<Project ToolsVersion="4.0" xmlns="http://schemas.microsoft.com/developer/msbuild/2003">
  <ItemGroup>
    <Filter Include="UI Elements">
      <UniqueIdentifier>{c0d7bd8c-f4f9-4828-a713-6fb673738698}</UniqueIdentifier>
    </Filter>
    <Filter Include="Managers">
      <UniqueIdentifier>{dfb11936-7f74-45e9-8fdd-1e83dc92365f}</UniqueIdentifier>
    </Filter>
    <Filter Include="Resources">
      <UniqueIdentifier>{1c69cedc-5506-459e-b00b-2fdeee481080}</UniqueIdentifier>
    </Filter>
    <Filter Include="UI Elements\Abstract">
      <UniqueIdentifier>{e9d96d9b-7e3e-402e-890b-85d7d2c4e508}</UniqueIdentifier>
    </Filter>
    <Filter Include="Managers\SceneManager">
      <UniqueIdentifier>{5a5bb18d-2336-409e-9abe-2445f6a7d577}</UniqueIdentifier>
    </Filter>
    <Filter Include="Scenes">
      <UniqueIdentifier>{c2f09afa-31b7-403c-bdda-ed813a802d18}</UniqueIdentifier>
    </Filter>
    <Filter Include="Scenes\Abstract">
      <UniqueIdentifier>{e5d3309e-2ef3-474c-9d11-be3240613701}</UniqueIdentifier>
    </Filter>
    <Filter Include="Scenes\Screens">
      <UniqueIdentifier>{296923e7-5bbe-4001-b40a-963099d9906b}</UniqueIdentifier>
    </Filter>
    <Filter Include="Scenes\Overlays">
      <UniqueIdentifier>{5e35bb53-4794-4dbb-9d2a-751b96eab522}</UniqueIdentifier>
    </Filter>
    <Filter Include="Managers\SceneManager\Transitions">
      <UniqueIdentifier>{acf906a8-4fba-44a7-95f8-88eca2897c2b}</UniqueIdentifier>
    </Filter>
    <Filter Include="Managers\SceneManager\Transitions\Abstract">
      <UniqueIdentifier>{f1270aea-97fe-4255-8006-f7c4b78ef9c6}</UniqueIdentifier>
    </Filter>
    <Filter Include="Managers\SceneManager\Transitions\ScreenTransitions">
      <UniqueIdentifier>{aeaf2bc7-f11f-4a87-8755-75bfc06f7e04}</UniqueIdentifier>
    </Filter>
  </ItemGroup>
  <ItemGroup>
    <ClCompile Include="RandomResource.cpp">
      <Filter>Resources</Filter>
    </ClCompile>
    <ClCompile Include="tinyxml2.cpp">
      <Filter>Resources</Filter>
    </ClCompile>
    <ClCompile Include="TextureManager.cpp">
      <Filter>Managers</Filter>
    </ClCompile>
    <ClCompile Include="UIImage.cpp">
      <Filter>UI Elements</Filter>
    </ClCompile>
    <ClCompile Include="UIPosition.cpp">
      <Filter>UI Elements\Abstract</Filter>
    </ClCompile>
    <ClCompile Include="UIObject.cpp">
      <Filter>UI Elements\Abstract</Filter>
    </ClCompile>
    <ClCompile Include="UIButton.cpp">
      <Filter>UI Elements</Filter>
    </ClCompile>
    <ClCompile Include="UITexture.cpp">
      <Filter>UI Elements\Abstract</Filter>
    </ClCompile>
    <ClCompile Include="UITextureAnimator.cpp">
      <Filter>UI Elements\Abstract</Filter>
    </ClCompile>
    <ClCompile Include="UITextureAnimationInfo.cpp">
      <Filter>UI Elements\Abstract</Filter>
    </ClCompile>
    <ClCompile Include="UIProgrammedAnimation.cpp">
      <Filter>UI Elements\Abstract</Filter>
    </ClCompile>
    <ClCompile Include="Scene.cpp">
      <Filter>Scenes\Abstract</Filter>
    </ClCompile>
    <ClCompile Include="SceneManager.cpp">
      <Filter>Managers\SceneManager</Filter>
    </ClCompile>
    <ClCompile Include="Transitioner.cpp">
      <Filter>Managers\SceneManager</Filter>
    </ClCompile>
    <ClCompile Include="TestOverlay.cpp">
      <Filter>Scenes\Overlays</Filter>
    </ClCompile>
    <ClCompile Include="SceneTransition.cpp">
      <Filter>Managers\SceneManager\Transitions\Abstract</Filter>
    </ClCompile>
    <ClCompile Include="FadeColour.cpp">
      <Filter>Managers\SceneManager\Transitions\ScreenTransitions</Filter>
    </ClCompile>
    <ClCompile Include="main.cpp" />
    <ClCompile Include="Options.cpp">
      <Filter>Scenes\Screens</Filter>
    </ClCompile>
    <ClCompile Include="MainMenu.cpp">
      <Filter>Scenes\Screens</Filter>
    </ClCompile>
    <ClCompile Include="FontManager.cpp">
      <Filter>Managers</Filter>
    </ClCompile>
  </ItemGroup>
  <ItemGroup>
    <ClInclude Include="RandomResource.h">
      <Filter>Resources</Filter>
    </ClInclude>
    <ClInclude Include="TextureManager.h">
      <Filter>Managers</Filter>
    </ClInclude>
    <ClInclude Include="tinyxml2.h">
      <Filter>Resources</Filter>
    </ClInclude>
    <ClInclude Include="AudioManager.h">
      <Filter>Managers</Filter>
    </ClInclude>
    <ClInclude Include="UIImage.h">
      <Filter>UI Elements</Filter>
    </ClInclude>
    <ClInclude Include="UIPosition.h">
      <Filter>UI Elements\Abstract</Filter>
    </ClInclude>
    <ClInclude Include="UIObject.h">
      <Filter>UI Elements\Abstract</Filter>
    </ClInclude>
    <ClInclude Include="UIAnchorEnum.h">
      <Filter>UI Elements\Abstract</Filter>
    </ClInclude>
    <ClInclude Include="UIButton.h">
      <Filter>UI Elements</Filter>
    </ClInclude>
    <ClInclude Include="StringValidator.h">
      <Filter>Resources</Filter>
    </ClInclude>
    <ClInclude Include="UITexture.h">
      <Filter>UI Elements\Abstract</Filter>
    </ClInclude>
    <ClInclude Include="DirectoryNavigator.h">
      <Filter>Resources</Filter>
    </ClInclude>
    <ClInclude Include="UITextureAnimator.h">
      <Filter>UI Elements\Abstract</Filter>
    </ClInclude>
    <ClInclude Include="UITextureAnimationInfo.h">
      <Filter>UI Elements\Abstract</Filter>
    </ClInclude>
    <ClInclude Include="UIProgrammedAnimation.h">
      <Filter>UI Elements\Abstract</Filter>
    </ClInclude>
    <ClInclude Include="Scene.h">
      <Filter>Scenes\Abstract</Filter>
    </ClInclude>
    <ClInclude Include="SceneManager.h">
      <Filter>Managers\SceneManager</Filter>
    </ClInclude>
    <ClInclude Include="Transitioner.h">
      <Filter>Managers\SceneManager</Filter>
    </ClInclude>
    <ClInclude Include="TestOverlay.h">
      <Filter>Scenes\Overlays</Filter>
    </ClInclude>
    <ClInclude Include="SceneTransition.h">
      <Filter>Managers\SceneManager\Transitions\Abstract</Filter>
    </ClInclude>
    <ClInclude Include="FadeColour.h">
      <Filter>Managers\SceneManager\Transitions\ScreenTransitions</Filter>
    </ClInclude>
    <ClInclude Include="Maths.h">
      <Filter>Resources</Filter>
    </ClInclude>
    <ClInclude Include="Options.h">
      <Filter>Scenes\Screens</Filter>
    </ClInclude>
    <ClInclude Include="MainMenu.h">
      <Filter>Scenes\Screens</Filter>
    </ClInclude>
    <ClInclude Include="FontManager.h">
      <Filter>Managers</Filter>
    </ClInclude>
  </ItemGroup>
</Project>